
Microsoft Visual Studio Solution File, Format Version 12.00
# Visual Studio Version 16
VisualStudioVersion = 16.0.32602.291
MinimumVisualStudioVersion = 10.0.40219.1
Project("{FAE04EC0-301F-11D3-BF4B-00C04F79EFBC}") = "converterWebsite", "converterWebsite.csproj", "{771BC715-67D8-44F3-91CA-E40AA55A9012}"
EndProject
Global
	GlobalSection(SolutionConfigurationPlatforms) = preSolution
		Debug|Any CPU = Debug|Any CPU
		Release|Any CPU = Release|Any CPU
	EndGlobalSection
	GlobalSection(ProjectConfigurationPlatforms) = postSolution
		{771BC715-67D8-44F3-91CA-E40AA55A9012}.Debug|Any CPU.ActiveCfg = Debug|Any CPU
		{771BC715-67D8-44F3-91CA-E40AA55A9012}.Debug|Any CPU.Build.0 = Debug|Any CPU
		{771BC715-67D8-44F3-91CA-E40AA55A9012}.Release|Any CPU.ActiveCfg = Release|Any CPU
		{771BC715-67D8-44F3-91CA-E40AA55A9012}.Release|Any CPU.Build.0 = Release|Any CPU
	EndGlobalSection
	GlobalSection(SolutionProperties) = preSolution
		HideSolutionNode = FALSE
	EndGlobalSection
	GlobalSection(ExtensibilityGlobals) = postSolution
		SolutionGuid = {6F70A837-4047-406E-9D4B-A8CF4D2307C0}
	EndGlobalSection
EndGlobal
